{
  "requires": true,
  "lockfileVersion": 1,
  "dependencies": {
    "alert-service": {
      "version": "1.0.1",
      "resolved": "https://registry.npmjs.org/alert-service/-/alert-service-1.0.1.tgz",
      "integrity": "sha1-Pnx1JomyKvMc7AyMJqCeCX9sSO8=",
      "requires": {
        "lodash.merge": "^4.6.0",
        "sweetalert2": "^6.6.4"
      }
    },
    "lodash.merge": {
      "version": "4.6.2",
      "resolved": "https://registry.npmjs.org/lodash.merge/-/lodash.merge-4.6.2.tgz",
      "integrity": "sha512-0KpjqXRVvrYyCsX1swR/XTK0va6VQkQM6MNo7PqW77ByjAhoARA8EfrP1N4+KlKj8YS0ZUCtRT/YUuhyYDujIQ=="
    },
    "sweetalert2": {
      "version": "6.11.5",
      "resolved": "https://registry.npmjs.org/sweetalert2/-/sweetalert2-6.11.5.tgz",
      "integrity": "sha512-8Otu1SlWGS/u3e31cOg+uqrwyoQbByEScKp7UupmCfwEZE9St3coO1e6CXv83YzZtzdDgowdK1hBPKPW7SRp4Q=="
    }
  }
}
